// !$*UTF8*$!
{
	archiveVersion = 1;
	classes = {
	};
	objectVersion = 46;
	objects = {

/* Begin PBXBuildFile section */
		1405C0EE1D99799500B15161 /* GoogleService-Info.plist in Resources */ = {isa = PBXBuildFile; fileRef = 1405C0ED1D99799500B15161 /* GoogleService-Info.plist */; };
		140E7CF11D08C7A800CE8218 /* Draw.swift in Sources */ = {isa = PBXBuildFile; fileRef = 140E7CF01D08C7A800CE8218 /* Draw.swift */; };
		1419188B1D86E3A9005C55B9 /* FriendTableViewCell.m in Sources */ = {isa = PBXBuildFile; fileRef = 1419188A1D86E3A9005C55B9 /* FriendTableViewCell.m */; };
		1419188E1D86ED17005C55B9 /* FriendsViewController.m in Sources */ = {isa = PBXBuildFile; fileRef = 1419188D1D86ED17005C55B9 /* FriendsViewController.m */; };
		141918901D86EEAF005C55B9 /* FBSDKShareKit.framework in Frameworks */ = {isa = PBXBuildFile; fileRef = 1419188F1D86EEAF005C55B9 /* FBSDKShareKit.framework */; };
		142811551D95978E008ED3D9 /* KiipSDK.framework in Frameworks */ = {isa = PBXBuildFile; fileRef = 142811541D95978E008ED3D9 /* KiipSDK.framework */; };
		142811571D9597AA008ED3D9 /* KiipSDKResources.bundle in Resources */ = {isa = PBXBuildFile; fileRef = 142811561D9597AA008ED3D9 /* KiipSDKResources.bundle */; };
		142811591D9597CE008ED3D9 /* CoreTelephony.framework in Frameworks */ = {isa = PBXBuildFile; fileRef = 142811581D9597CE008ED3D9 /* CoreTelephony.framework */; };
		1428115B1D9597DB008ED3D9 /* AdSupport.framework in Frameworks */ = {isa = PBXBuildFile; fileRef = 1428115A1D9597DB008ED3D9 /* AdSupport.framework */; };
		1428115F1D9597E9008ED3D9 /* MediaPlayer.framework in Frameworks */ = {isa = PBXBuildFile; fileRef = 1428115E1D9597E9008ED3D9 /* MediaPlayer.framework */; };
		142811621D959A24008ED3D9 /* PassKit.framework in Frameworks */ = {isa = PBXBuildFile; fileRef = 142811611D959A24008ED3D9 /* PassKit.framework */; };
		143A80701CD7DA3A00DA41A2 /* RecipeView.xib in Resources */ = {isa = PBXBuildFile; fileRef = 143A806F1CD7DA3A00DA41A2 /* RecipeView.xib */; };
		143A80721CD8D9E900DA41A2 /* DraggableViewBackground.xib in Resources */ = {isa = PBXBuildFile; fileRef = 143A80711CD8D9E900DA41A2 /* DraggableViewBackground.xib */; };
		14410AD11D808DC6008D4FE5 /* TagTableViewController.m in Sources */ = {isa = PBXBuildFile; fileRef = 14410AD01D808DC6008D4FE5 /* TagTableViewController.m */; };
		14410AD51D8090E5008D4FE5 /* Tag.swift in Sources */ = {isa = PBXBuildFile; fileRef = 14410AD41D8090E5008D4FE5 /* Tag.swift */; };
		1449C9701D084F28005A7437 /* Constants.swift in Sources */ = {isa = PBXBuildFile; fileRef = 1449C96A1D084F28005A7437 /* Constants.swift */; };
		1449C9721D084F28005A7437 /* Profile.swift in Sources */ = {isa = PBXBuildFile; fileRef = 1449C96C1D084F28005A7437 /* Profile.swift */; };
		1449C9731D084F28005A7437 /* Session.swift in Sources */ = {isa = PBXBuildFile; fileRef = 1449C96D1D084F28005A7437 /* Session.swift */; };
		1449C9741D084F28005A7437 /* User.swift in Sources */ = {isa = PBXBuildFile; fileRef = 1449C96E1D084F28005A7437 /* User.swift */; };
		145A4A631CDBE0AC00622305 /* HeaderButton.m in Sources */ = {isa = PBXBuildFile; fileRef = 145A4A621CDBE0AC00622305 /* HeaderButton.m */; };
		1462F41C1D09B3A100B4AE7B /* FBSDKCoreKit.framework in Frameworks */ = {isa = PBXBuildFile; fileRef = 1462F41A1D09B3A100B4AE7B /* FBSDKCoreKit.framework */; };
		1462F41D1D09B3A100B4AE7B /* FBSDKLoginKit.framework in Frameworks */ = {isa = PBXBuildFile; fileRef = 1462F41B1D09B3A100B4AE7B /* FBSDKLoginKit.framework */; };
		1479D05E1D6B440000347874 /* WebViewController.m in Sources */ = {isa = PBXBuildFile; fileRef = 1479D05D1D6B440000347874 /* WebViewController.m */; };
		14B8E4271D22B21700D63903 /* UserLoginViewController.swift in Sources */ = {isa = PBXBuildFile; fileRef = 14B8E4251D22B21700D63903 /* UserLoginViewController.swift */; };
		14B8E4281D22B21700D63903 /* UserRegisterViewController.swift in Sources */ = {isa = PBXBuildFile; fileRef = 14B8E4261D22B21700D63903 /* UserRegisterViewController.swift */; };
		14CE25191CDB991B00644138 /* FoodTableViewCell.m in Sources */ = {isa = PBXBuildFile; fileRef = 14CE25181CDB991B00644138 /* FoodTableViewCell.m */; };
		14CE251C1CDB9E5E00644138 /* HCSStarRatingView.m in Sources */ = {isa = PBXBuildFile; fileRef = 14CE251B1CDB9E5E00644138 /* HCSStarRatingView.m */; };
		14F285FE1D09B7DA00CD98E4 /* libz.tbd in Frameworks */ = {isa = PBXBuildFile; fileRef = 14F285FD1D09B7DA00CD98E4 /* libz.tbd */; };
		14F286001D09B7E700CD98E4 /* libsqlite3.tbd in Frameworks */ = {isa = PBXBuildFile; fileRef = 14F285FF1D09B7E700CD98E4 /* libsqlite3.tbd */; };
		443889D11B6B6BE80079E871 /* splash1.jpg in Resources */ = {isa = PBXBuildFile; fileRef = 443889CE1B6B6BE80079E871 /* splash1.jpg */; };
		443889D21B6B6BE80079E871 /* splash2.jpg in Resources */ = {isa = PBXBuildFile; fileRef = 443889CF1B6B6BE80079E871 /* splash2.jpg */; };
		443889D31B6B6BE80079E871 /* splash3.jpg in Resources */ = {isa = PBXBuildFile; fileRef = 443889D01B6B6BE80079E871 /* splash3.jpg */; };
		44DBB7031B6F6EF600780CE4 /* 1.png in Resources */ = {isa = PBXBuildFile; fileRef = 44DBB6FD1B6F6EF600780CE4 /* 1.png */; };
		44DBB7041B6F6EF600780CE4 /* 2.png in Resources */ = {isa = PBXBuildFile; fileRef = 44DBB6FE1B6F6EF600780CE4 /* 2.png */; };
		44DBB7051B6F6EF600780CE4 /* 3.png in Resources */ = {isa = PBXBuildFile; fileRef = 44DBB6FF1B6F6EF600780CE4 /* 3.png */; };
		44DBB7071B6F6EF600780CE4 /* fbbutton.png in Resources */ = {isa = PBXBuildFile; fileRef = 44DBB7011B6F6EF600780CE4 /* fbbutton.png */; };
		51EAB368D45EE8BA0D1BBA09 /* Pods_swipelicious.framework in Frameworks */ = {isa = PBXBuildFile; fileRef = 3A4EE207D3C965F525B2C2EE /* Pods_swipelicious.framework */; };
		6A52F5821B65450500AECC90 /* main.m in Sources */ = {isa = PBXBuildFile; fileRef = 6A52F5811B65450500AECC90 /* main.m */; };
		6A52F5851B65450500AECC90 /* AppDelegate.m in Sources */ = {isa = PBXBuildFile; fileRef = 6A52F5841B65450500AECC90 /* AppDelegate.m */; };
		6A52F58E1B65450500AECC90 /* Main.storyboard in Resources */ = {isa = PBXBuildFile; fileRef = 6A52F58C1B65450500AECC90 /* Main.storyboard */; };
		6A52F5901B65450500AECC90 /* Images.xcassets in Resources */ = {isa = PBXBuildFile; fileRef = 6A52F58F1B65450500AECC90 /* Images.xcassets */; };
		6A52F5931B65450500AECC90 /* LaunchScreen.xib in Resources */ = {isa = PBXBuildFile; fileRef = 6A52F5911B65450500AECC90 /* LaunchScreen.xib */; };
		6A52F59F1B65450500AECC90 /* swipeliciousTests.m in Sources */ = {isa = PBXBuildFile; fileRef = 6A52F59E1B65450500AECC90 /* swipeliciousTests.m */; };
		6A52F5AA1B6546A300AECC90 /* MainViewController.m in Sources */ = {isa = PBXBuildFile; fileRef = 6A52F5A91B6546A300AECC90 /* MainViewController.m */; };
		6A729A631B87932F00296E47 /* ShowselectedfoodlistViewController.m in Sources */ = {isa = PBXBuildFile; fileRef = 6A729A621B87932F00296E47 /* ShowselectedfoodlistViewController.m */; };
		6A776C481B89BD050044C940 /* ShowfooddetailViewController.m in Sources */ = {isa = PBXBuildFile; fileRef = 6A776C471B89BD050044C940 /* ShowfooddetailViewController.m */; };
		6A776D001B8AC93D0044C940 /* ProgressHUD.bundle in Resources */ = {isa = PBXBuildFile; fileRef = 6A776CEB1B8AC93D0044C940 /* ProgressHUD.bundle */; };
		6A776D011B8AC93D0044C940 /* ProgressHUD.m in Sources */ = {isa = PBXBuildFile; fileRef = 6A776CED1B8AC93D0044C940 /* ProgressHUD.m */; };
		6A776D0C1B8B3ED00044C940 /* Foundation.framework in Frameworks */ = {isa = PBXBuildFile; fileRef = 6A776D0B1B8B3ED00044C940 /* Foundation.framework */; };
		6A776D0E1B8B3EDD0044C940 /* MobileCoreServices.framework in Frameworks */ = {isa = PBXBuildFile; fileRef = 6A776D0D1B8B3EDD0044C940 /* MobileCoreServices.framework */; };
		6A776D141B8B3F130044C940 /* AudioToolbox.framework in Frameworks */ = {isa = PBXBuildFile; fileRef = 6A776D131B8B3F130044C940 /* AudioToolbox.framework */; };
		6A776D161B8B3F1C0044C940 /* QuartzCore.framework in Frameworks */ = {isa = PBXBuildFile; fileRef = 6A776D151B8B3F1C0044C940 /* QuartzCore.framework */; };
		6A776D181B8B3F250044C940 /* SystemConfiguration.framework in Frameworks */ = {isa = PBXBuildFile; fileRef = 6A776D171B8B3F250044C940 /* SystemConfiguration.framework */; };
		6A776D1A1B8B3F2D0044C940 /* Accelerate.framework in Frameworks */ = {isa = PBXBuildFile; fileRef = 6A776D191B8B3F2D0044C940 /* Accelerate.framework */; };
		6A776D1C1B8B3F360044C940 /* Social.framework in Frameworks */ = {isa = PBXBuildFile; fileRef = 6A776D1B1B8B3F360044C940 /* Social.framework */; };
		6A776D1E1B8B3F3F0044C940 /* CFNetwork.framework in Frameworks */ = {isa = PBXBuildFile; fileRef = 6A776D1D1B8B3F3F0044C940 /* CFNetwork.framework */; };
		6A776D221B8B86440044C940 /* recipedetailbackground.png in Resources */ = {isa = PBXBuildFile; fileRef = 6A776D211B8B86440044C940 /* recipedetailbackground.png */; };
		6A776D241B8BB3390044C940 /* LocalAuthentication.framework in Frameworks */ = {isa = PBXBuildFile; fileRef = 6A776D231B8BB3380044C940 /* LocalAuthentication.framework */; };
		6A776D291B8BFF340044C940 /* DraggableView.m in Sources */ = {isa = PBXBuildFile; fileRef = 6A776D261B8BFF340044C940 /* DraggableView.m */; };
		6A776D2A1B8BFF340044C940 /* OverlayView.m in Sources */ = {isa = PBXBuildFile; fileRef = 6A776D281B8BFF340044C940 /* OverlayView.m */; };
		6A776D2D1B8C127B0044C940 /* DraggableViewBackground.m in Sources */ = {isa = PBXBuildFile; fileRef = 6A776D2C1B8C127B0044C940 /* DraggableViewBackground.m */; };
		6A776D2F1B8C13910044C940 /* CoreGraphics.framework in Frameworks */ = {isa = PBXBuildFile; fileRef = 6A776D2E1B8C13910044C940 /* CoreGraphics.framework */; };
		6A776D341B8C17980044C940 /* dislikeicon.png in Resources */ = {isa = PBXBuildFile; fileRef = 6A776D301B8C17980044C940 /* dislikeicon.png */; };
		6A776D351B8C17980044C940 /* likeicon.png in Resources */ = {isa = PBXBuildFile; fileRef = 6A776D311B8C17980044C940 /* likeicon.png */; };
		6A776D361B8C17980044C940 /* noButton.png in Resources */ = {isa = PBXBuildFile; fileRef = 6A776D321B8C17980044C940 /* noButton.png */; };
		6A776D371B8C17980044C940 /* yesButton.png in Resources */ = {isa = PBXBuildFile; fileRef = 6A776D331B8C17980044C940 /* yesButton.png */; };
		6A7C35641B730989008A6E68 /* main.png in Resources */ = {isa = PBXBuildFile; fileRef = 6A7C35631B730989008A6E68 /* main.png */; };
		6AAA90821B9759C500FF0107 /* alarm.mp3 in Resources */ = {isa = PBXBuildFile; fileRef = 6AAA90811B9759C500FF0107 /* alarm.mp3 */; };
		6AD7D51E1B7352A6009FB7D2 /* MasterViewController.m in Sources */ = {isa = PBXBuildFile; fileRef = 6AD7D51D1B7352A6009FB7D2 /* MasterViewController.m */; };
		6ADC895F1B91FA3D004DE05B /* button.jpeg in Resources */ = {isa = PBXBuildFile; fileRef = 6ADC895E1B91FA3D004DE05B /* button.jpeg */; };
		6AFDA2121B87AB0700F1EA3A /* cell_background.png in Resources */ = {isa = PBXBuildFile; fileRef = 6AFDA2111B87AB0700F1EA3A /* cell_background.png */; };
		6AFDA2141B87AB3400F1EA3A /* selected_food_background.png in Resources */ = {isa = PBXBuildFile; fileRef = 6AFDA2131B87AB3400F1EA3A /* selected_food_background.png */; };
		8B3E05741D69887A0076D218 /* InitialSlidingViewController.m in Sources */ = {isa = PBXBuildFile; fileRef = 8B3E05731D69887A0076D218 /* InitialSlidingViewController.m */; };
		8B3E05771D6988CF0076D218 /* HomeNavigationController.m in Sources */ = {isa = PBXBuildFile; fileRef = 8B3E05761D6988CF0076D218 /* HomeNavigationController.m */; };
		8B3E05791D698A890076D218 /* home_btn_menu.png in Resources */ = {isa = PBXBuildFile; fileRef = 8B3E05781D698A890076D218 /* home_btn_menu.png */; };
		8B3E057C1D698CB60076D218 /* MenuViewController.m in Sources */ = {isa = PBXBuildFile; fileRef = 8B3E057B1D698CB60076D218 /* MenuViewController.m */; };
		8B3E05821D69953A0076D218 /* MenuRoundButton.swift in Sources */ = {isa = PBXBuildFile; fileRef = 8B3E05811D69953A0076D218 /* MenuRoundButton.swift */; };
		8BAF99C31D69A9D100337662 /* user_default.jpg in Resources */ = {isa = PBXBuildFile; fileRef = 8BAF99C21D69A9D100337662 /* user_default.jpg */; };
		8BB10D301D066A0F00B7B147 /* AUtils.m in Sources */ = {isa = PBXBuildFile; fileRef = 8BB10D2F1D066A0F00B7B147 /* AUtils.m */; };
/* End PBXBuildFile section */

/* Begin PBXContainerItemProxy section */
		6A52F5991B65450500AECC90 /* PBXContainerItemProxy */ = {
			isa = PBXContainerItemProxy;
			containerPortal = 6A52F5741B65450500AECC90 /* Project object */;
			proxyType = 1;
			remoteGlobalIDString = 6A52F57B1B65450500AECC90;
			remoteInfo = swipelicious;
		};
/* End PBXContainerItemProxy section */

/* Begin PBXFileReference section */
		01ABEE272484B7E7A0F70EE4 /* Pods-swipelicious.release.xcconfig */ = {isa = PBXFileReference; includeInIndex = 1; lastKnownFileType = text.xcconfig; name = "Pods-swipelicious.release.xcconfig"; path = "Pods/Target Support Files/Pods-swipelicious/Pods-swipelicious.release.xcconfig"; sourceTree = "<group>"; };
		1405C0ED1D99799500B15161 /* GoogleService-Info.plist */ = {isa = PBXFileReference; fileEncoding = 4; lastKnownFileType = text.plist.xml; path = "GoogleService-Info.plist"; sourceTree = "<group>"; };
		140E7CF01D08C7A800CE8218 /* Draw.swift */ = {isa = PBXFileReference; fileEncoding = 4; lastKnownFileType = sourcecode.swift; name = Draw.swift; path = ../Draw.swift; sourceTree = "<group>"; };
		141918891D86E3A9005C55B9 /* FriendTableViewCell.h */ = {isa = PBXFileReference; fileEncoding = 4; lastKnownFileType = sourcecode.c.h; path = FriendTableViewCell.h; sourceTree = "<group>"; };
		1419188A1D86E3A9005C55B9 /* FriendTableViewCell.m */ = {isa = PBXFileReference; fileEncoding = 4; lastKnownFileType = sourcecode.c.objc; path = FriendTableViewCell.m; sourceTree = "<group>"; };
		1419188C1D86ED17005C55B9 /* FriendsViewController.h */ = {isa = PBXFileReference; fileEncoding = 4; lastKnownFileType = sourcecode.c.h; path = FriendsViewController.h; sourceTree = "<group>"; };
		1419188D1D86ED17005C55B9 /* FriendsViewController.m */ = {isa = PBXFileReference; fileEncoding = 4; lastKnownFileType = sourcecode.c.objc; path = FriendsViewController.m; sourceTree = "<group>"; };
		1419188F1D86EEAF005C55B9 /* FBSDKShareKit.framework */ = {isa = PBXFileReference; lastKnownFileType = wrapper.framework; path = FBSDKShareKit.framework; sourceTree = "<group>"; };
		142811541D95978E008ED3D9 /* KiipSDK.framework */ = {isa = PBXFileReference; lastKnownFileType = wrapper.framework; path = KiipSDK.framework; sourceTree = "<group>"; };
		142811561D9597AA008ED3D9 /* KiipSDKResources.bundle */ = {isa = PBXFileReference; lastKnownFileType = "wrapper.plug-in"; path = KiipSDKResources.bundle; sourceTree = "<group>"; };
		142811581D9597CE008ED3D9 /* CoreTelephony.framework */ = {isa = PBXFileReference; lastKnownFileType = wrapper.framework; name = CoreTelephony.framework; path = System/Library/Frameworks/CoreTelephony.framework; sourceTree = SDKROOT; };
		1428115A1D9597DB008ED3D9 /* AdSupport.framework */ = {isa = PBXFileReference; lastKnownFileType = wrapper.framework; name = AdSupport.framework; path = System/Library/Frameworks/AdSupport.framework; sourceTree = SDKROOT; };
		1428115E1D9597E9008ED3D9 /* MediaPlayer.framework */ = {isa = PBXFileReference; lastKnownFileType = wrapper.framework; name = MediaPlayer.framework; path = System/Library/Frameworks/MediaPlayer.framework; sourceTree = SDKROOT; };
		142811601D959A24008ED3D9 /* swipelicious.entitlements */ = {isa = PBXFileReference; lastKnownFileType = text.plist.entitlements; path = swipelicious.entitlements; sourceTree = "<group>"; };
		142811611D959A24008ED3D9 /* PassKit.framework */ = {isa = PBXFileReference; lastKnownFileType = wrapper.framework; name = PassKit.framework; path = System/Library/Frameworks/PassKit.framework; sourceTree = SDKROOT; };
		143A806F1CD7DA3A00DA41A2 /* RecipeView.xib */ = {isa = PBXFileReference; fileEncoding = 4; lastKnownFileType = file.xib; path = RecipeView.xib; sourceTree = "<group>"; };
		143A80711CD8D9E900DA41A2 /* DraggableViewBackground.xib */ = {isa = PBXFileReference; fileEncoding = 4; lastKnownFileType = file.xib; path = DraggableViewBackground.xib; sourceTree = "<group>"; };
		14410ACF1D808DC6008D4FE5 /* TagTableViewController.h */ = {isa = PBXFileReference; fileEncoding = 4; lastKnownFileType = sourcecode.c.h; path = TagTableViewController.h; sourceTree = "<group>"; };
		14410AD01D808DC6008D4FE5 /* TagTableViewController.m */ = {isa = PBXFileReference; fileEncoding = 4; lastKnownFileType = sourcecode.c.objc; path = TagTableViewController.m; sourceTree = "<group>"; };
		14410AD41D8090E5008D4FE5 /* Tag.swift */ = {isa = PBXFileReference; fileEncoding = 4; lastKnownFileType = sourcecode.swift; name = Tag.swift; path = Model/Tag.swift; sourceTree = "<group>"; };
		1449C9661D084D0C005A7437 /* swipelicious-Bridging-Header.h */ = {isa = PBXFileReference; fileEncoding = 4; lastKnownFileType = sourcecode.c.h; path = "swipelicious-Bridging-Header.h"; sourceTree = "<group>"; };
		1449C96A1D084F28005A7437 /* Constants.swift */ = {isa = PBXFileReference; fileEncoding = 4; lastKnownFileType = sourcecode.swift; name = Constants.swift; path = Model/Constants.swift; sourceTree = "<group>"; };
		1449C96C1D084F28005A7437 /* Profile.swift */ = {isa = PBXFileReference; fileEncoding = 4; lastKnownFileType = sourcecode.swift; name = Profile.swift; path = Model/Profile.swift; sourceTree = "<group>"; };
		1449C96D1D084F28005A7437 /* Session.swift */ = {isa = PBXFileReference; fileEncoding = 4; lastKnownFileType = sourcecode.swift; name = Session.swift; path = Model/Session.swift; sourceTree = "<group>"; };
		1449C96E1D084F28005A7437 /* User.swift */ = {isa = PBXFileReference; fileEncoding = 4; lastKnownFileType = sourcecode.swift; name = User.swift; path = Model/User.swift; sourceTree = "<group>"; };
		145A4A611CDBE0AC00622305 /* HeaderButton.h */ = {isa = PBXFileReference; fileEncoding = 4; lastKnownFileType = sourcecode.c.h; path = HeaderButton.h; sourceTree = "<group>"; };
		145A4A621CDBE0AC00622305 /* HeaderButton.m */ = {isa = PBXFileReference; fileEncoding = 4; lastKnownFileType = sourcecode.c.objc; path = HeaderButton.m; sourceTree = "<group>"; };
		1462F41A1D09B3A100B4AE7B /* FBSDKCoreKit.framework */ = {isa = PBXFileReference; lastKnownFileType = wrapper.framework; path = FBSDKCoreKit.framework; sourceTree = "<group>"; };
		1462F41B1D09B3A100B4AE7B /* FBSDKLoginKit.framework */ = {isa = PBXFileReference; lastKnownFileType = wrapper.framework; path = FBSDKLoginKit.framework; sourceTree = "<group>"; };
		1479D05C1D6B440000347874 /* WebViewController.h */ = {isa = PBXFileReference; fileEncoding = 4; lastKnownFileType = sourcecode.c.h; path = WebViewController.h; sourceTree = "<group>"; };
		1479D05D1D6B440000347874 /* WebViewController.m */ = {isa = PBXFileReference; fileEncoding = 4; lastKnownFileType = sourcecode.c.objc; path = WebViewController.m; sourceTree = "<group>"; };
		14B8E4251D22B21700D63903 /* UserLoginViewController.swift */ = {isa = PBXFileReference; fileEncoding = 4; lastKnownFileType = sourcecode.swift; path = UserLoginViewController.swift; sourceTree = "<group>"; };
		14B8E4261D22B21700D63903 /* UserRegisterViewController.swift */ = {isa = PBXFileReference; fileEncoding = 4; lastKnownFileType = sourcecode.swift; path = UserRegisterViewController.swift; sourceTree = "<group>"; };
		14CE25171CDB991B00644138 /* FoodTableViewCell.h */ = {isa = PBXFileReference; fileEncoding = 4; lastKnownFileType = sourcecode.c.h; path = FoodTableViewCell.h; sourceTree = "<group>"; };
		14CE25181CDB991B00644138 /* FoodTableViewCell.m */ = {isa = PBXFileReference; fileEncoding = 4; lastKnownFileType = sourcecode.c.objc; path = FoodTableViewCell.m; sourceTree = "<group>"; };
		14CE251A1CDB9E5E00644138 /* HCSStarRatingView.h */ = {isa = PBXFileReference; fileEncoding = 4; lastKnownFileType = sourcecode.c.h; path = HCSStarRatingView.h; sourceTree = "<group>"; };
		14CE251B1CDB9E5E00644138 /* HCSStarRatingView.m */ = {isa = PBXFileReference; fileEncoding = 4; lastKnownFileType = sourcecode.c.objc; path = HCSStarRatingView.m; sourceTree = "<group>"; };
		14F285FD1D09B7DA00CD98E4 /* libz.tbd */ = {isa = PBXFileReference; lastKnownFileType = "sourcecode.text-based-dylib-definition"; name = libz.tbd; path = usr/lib/libz.tbd; sourceTree = SDKROOT; };
		14F285FF1D09B7E700CD98E4 /* libsqlite3.tbd */ = {isa = PBXFileReference; lastKnownFileType = "sourcecode.text-based-dylib-definition"; name = libsqlite3.tbd; path = usr/lib/libsqlite3.tbd; sourceTree = SDKROOT; };
		3A4EE207D3C965F525B2C2EE /* Pods_swipelicious.framework */ = {isa = PBXFileReference; explicitFileType = wrapper.framework; includeInIndex = 0; path = Pods_swipelicious.framework; sourceTree = BUILT_PRODUCTS_DIR; };
		443889CE1B6B6BE80079E871 /* splash1.jpg */ = {isa = PBXFileReference; lastKnownFileType = image.jpeg; name = splash1.jpg; path = Resource/images/splash1.jpg; sourceTree = "<group>"; };
		443889CF1B6B6BE80079E871 /* splash2.jpg */ = {isa = PBXFileReference; lastKnownFileType = image.jpeg; name = splash2.jpg; path = Resource/images/splash2.jpg; sourceTree = "<group>"; };
		443889D01B6B6BE80079E871 /* splash3.jpg */ = {isa = PBXFileReference; lastKnownFileType = image.jpeg; name = splash3.jpg; path = Resource/images/splash3.jpg; sourceTree = "<group>"; };
		44DBB6FD1B6F6EF600780CE4 /* 1.png */ = {isa = PBXFileReference; lastKnownFileType = image.png; name = 1.png; path = Resource/images/1.png; sourceTree = "<group>"; };
		44DBB6FE1B6F6EF600780CE4 /* 2.png */ = {isa = PBXFileReference; lastKnownFileType = image.png; name = 2.png; path = Resource/images/2.png; sourceTree = "<group>"; };
		44DBB6FF1B6F6EF600780CE4 /* 3.png */ = {isa = PBXFileReference; lastKnownFileType = image.png; name = 3.png; path = Resource/images/3.png; sourceTree = "<group>"; };
		44DBB7011B6F6EF600780CE4 /* fbbutton.png */ = {isa = PBXFileReference; lastKnownFileType = image.png; name = fbbutton.png; path = Resource/images/fbbutton.png; sourceTree = "<group>"; };
		6A52F57C1B65450500AECC90 /* swipelicious.app */ = {isa = PBXFileReference; explicitFileType = wrapper.application; includeInIndex = 0; path = swipelicious.app; sourceTree = BUILT_PRODUCTS_DIR; };
		6A52F5801B65450500AECC90 /* Info.plist */ = {isa = PBXFileReference; lastKnownFileType = text.plist.xml; path = Info.plist; sourceTree = "<group>"; };
		6A52F5811B65450500AECC90 /* main.m */ = {isa = PBXFileReference; lastKnownFileType = sourcecode.c.objc; path = main.m; sourceTree = "<group>"; };
		6A52F5831B65450500AECC90 /* AppDelegate.h */ = {isa = PBXFileReference; lastKnownFileType = sourcecode.c.h; path = AppDelegate.h; sourceTree = "<group>"; };
		6A52F5841B65450500AECC90 /* AppDelegate.m */ = {isa = PBXFileReference; lastKnownFileType = sourcecode.c.objc; path = AppDelegate.m; sourceTree = "<group>"; };
		6A52F58D1B65450500AECC90 /* Base */ = {isa = PBXFileReference; lastKnownFileType = file.storyboard; name = Base; path = Base.lproj/Main.storyboard; sourceTree = "<group>"; };
		6A52F58F1B65450500AECC90 /* Images.xcassets */ = {isa = PBXFileReference; lastKnownFileType = folder.assetcatalog; path = Images.xcassets; sourceTree = "<group>"; };
		6A52F5921B65450500AECC90 /* Base */ = {isa = PBXFileReference; lastKnownFileType = file.xib; name = Base; path = Base.lproj/LaunchScreen.xib; sourceTree = "<group>"; };
		6A52F5981B65450500AECC90 /* swipeliciousTests.xctest */ = {isa = PBXFileReference; explicitFileType = wrapper.cfbundle; includeInIndex = 0; path = swipeliciousTests.xctest; sourceTree = BUILT_PRODUCTS_DIR; };
		6A52F59D1B65450500AECC90 /* Info.plist */ = {isa = PBXFileReference; lastKnownFileType = text.plist.xml; path = Info.plist; sourceTree = "<group>"; };
		6A52F59E1B65450500AECC90 /* swipeliciousTests.m */ = {isa = PBXFileReference; lastKnownFileType = sourcecode.c.objc; path = swipeliciousTests.m; sourceTree = "<group>"; };
		6A52F5A81B6546A300AECC90 /* MainViewController.h */ = {isa = PBXFileReference; fileEncoding = 4; lastKnownFileType = sourcecode.c.h; path = MainViewController.h; sourceTree = "<group>"; };
		6A52F5A91B6546A300AECC90 /* MainViewController.m */ = {isa = PBXFileReference; fileEncoding = 4; lastKnownFileType = sourcecode.c.objc; path = MainViewController.m; sourceTree = "<group>"; };
		6A729A611B87932F00296E47 /* ShowselectedfoodlistViewController.h */ = {isa = PBXFileReference; fileEncoding = 4; lastKnownFileType = sourcecode.c.h; path = ShowselectedfoodlistViewController.h; sourceTree = "<group>"; };
		6A729A621B87932F00296E47 /* ShowselectedfoodlistViewController.m */ = {isa = PBXFileReference; fileEncoding = 4; lastKnownFileType = sourcecode.c.objc; path = ShowselectedfoodlistViewController.m; sourceTree = "<group>"; };
		6A776C461B89BD050044C940 /* ShowfooddetailViewController.h */ = {isa = PBXFileReference; fileEncoding = 4; lastKnownFileType = sourcecode.c.h; path = ShowfooddetailViewController.h; sourceTree = "<group>"; };
		6A776C471B89BD050044C940 /* ShowfooddetailViewController.m */ = {isa = PBXFileReference; fileEncoding = 4; lastKnownFileType = sourcecode.c.objc; path = ShowfooddetailViewController.m; sourceTree = "<group>"; };
		6A776CEB1B8AC93D0044C940 /* ProgressHUD.bundle */ = {isa = PBXFileReference; lastKnownFileType = "wrapper.plug-in"; path = ProgressHUD.bundle; sourceTree = "<group>"; };
		6A776CEC1B8AC93D0044C940 /* ProgressHUD.h */ = {isa = PBXFileReference; fileEncoding = 4; lastKnownFileType = sourcecode.c.h; path = ProgressHUD.h; sourceTree = "<group>"; };
		6A776CED1B8AC93D0044C940 /* ProgressHUD.m */ = {isa = PBXFileReference; fileEncoding = 4; lastKnownFileType = sourcecode.c.objc; path = ProgressHUD.m; sourceTree = "<group>"; };
		6A776D0B1B8B3ED00044C940 /* Foundation.framework */ = {isa = PBXFileReference; lastKnownFileType = wrapper.framework; name = Foundation.framework; path = System/Library/Frameworks/Foundation.framework; sourceTree = SDKROOT; };
		6A776D0D1B8B3EDD0044C940 /* MobileCoreServices.framework */ = {isa = PBXFileReference; lastKnownFileType = wrapper.framework; name = MobileCoreServices.framework; path = System/Library/Frameworks/MobileCoreServices.framework; sourceTree = SDKROOT; };
		6A776D131B8B3F130044C940 /* AudioToolbox.framework */ = {isa = PBXFileReference; lastKnownFileType = wrapper.framework; name = AudioToolbox.framework; path = System/Library/Frameworks/AudioToolbox.framework; sourceTree = SDKROOT; };
		6A776D151B8B3F1C0044C940 /* QuartzCore.framework */ = {isa = PBXFileReference; lastKnownFileType = wrapper.framework; name = QuartzCore.framework; path = System/Library/Frameworks/QuartzCore.framework; sourceTree = SDKROOT; };
		6A776D171B8B3F250044C940 /* SystemConfiguration.framework */ = {isa = PBXFileReference; lastKnownFileType = wrapper.framework; name = SystemConfiguration.framework; path = System/Library/Frameworks/SystemConfiguration.framework; sourceTree = SDKROOT; };
		6A776D191B8B3F2D0044C940 /* Accelerate.framework */ = {isa = PBXFileReference; lastKnownFileType = wrapper.framework; name = Accelerate.framework; path = System/Library/Frameworks/Accelerate.framework; sourceTree = SDKROOT; };
		6A776D1B1B8B3F360044C940 /* Social.framework */ = {isa = PBXFileReference; lastKnownFileType = wrapper.framework; name = Social.framework; path = System/Library/Frameworks/Social.framework; sourceTree = SDKROOT; };
		6A776D1D1B8B3F3F0044C940 /* CFNetwork.framework */ = {isa = PBXFileReference; lastKnownFileType = wrapper.framework; name = CFNetwork.framework; path = System/Library/Frameworks/CFNetwork.framework; sourceTree = SDKROOT; };
		6A776D211B8B86440044C940 /* recipedetailbackground.png */ = {isa = PBXFileReference; lastKnownFileType = image.png; name = recipedetailbackground.png; path = Resource/images/recipedetailbackground.png; sourceTree = "<group>"; };
		6A776D231B8BB3380044C940 /* LocalAuthentication.framework */ = {isa = PBXFileReference; lastKnownFileType = wrapper.framework; name = LocalAuthentication.framework; path = System/Library/Frameworks/LocalAuthentication.framework; sourceTree = SDKROOT; };
		6A776D251B8BFF340044C940 /* DraggableView.h */ = {isa = PBXFileReference; fileEncoding = 4; lastKnownFileType = sourcecode.c.h; path = DraggableView.h; sourceTree = "<group>"; };
		6A776D261B8BFF340044C940 /* DraggableView.m */ = {isa = PBXFileReference; fileEncoding = 4; lastKnownFileType = sourcecode.c.objc; path = DraggableView.m; sourceTree = "<group>"; };
		6A776D271B8BFF340044C940 /* OverlayView.h */ = {isa = PBXFileReference; fileEncoding = 4; lastKnownFileType = sourcecode.c.h; path = OverlayView.h; sourceTree = "<group>"; };
		6A776D281B8BFF340044C940 /* OverlayView.m */ = {isa = PBXFileReference; fileEncoding = 4; lastKnownFileType = sourcecode.c.objc; path = OverlayView.m; sourceTree = "<group>"; };
		6A776D2B1B8C127B0044C940 /* DraggableViewBackground.h */ = {isa = PBXFileReference; fileEncoding = 4; lastKnownFileType = sourcecode.c.h; path = DraggableViewBackground.h; sourceTree = "<group>"; };
		6A776D2C1B8C127B0044C940 /* DraggableViewBackground.m */ = {isa = PBXFileReference; fileEncoding = 4; lastKnownFileType = sourcecode.c.objc; path = DraggableViewBackground.m; sourceTree = "<group>"; };
		6A776D2E1B8C13910044C940 /* CoreGraphics.framework */ = {isa = PBXFileReference; lastKnownFileType = wrapper.framework; name = CoreGraphics.framework; path = System/Library/Frameworks/CoreGraphics.framework; sourceTree = SDKROOT; };
		6A776D301B8C17980044C940 /* dislikeicon.png */ = {isa = PBXFileReference; lastKnownFileType = image.png; name = dislikeicon.png; path = Resource/images/dislikeicon.png; sourceTree = "<group>"; };
		6A776D311B8C17980044C940 /* likeicon.png */ = {isa = PBXFileReference; lastKnownFileType = image.png; name = likeicon.png; path = Resource/images/likeicon.png; sourceTree = "<group>"; };
		6A776D321B8C17980044C940 /* noButton.png */ = {isa = PBXFileReference; lastKnownFileType = image.png; name = noButton.png; path = Resource/images/noButton.png; sourceTree = "<group>"; };
		6A776D331B8C17980044C940 /* yesButton.png */ = {isa = PBXFileReference; lastKnownFileType = image.png; name = yesButton.png; path = Resource/images/yesButton.png; sourceTree = "<group>"; };
		6A7C35631B730989008A6E68 /* main.png */ = {isa = PBXFileReference; lastKnownFileType = image.png; name = main.png; path = Resource/images/main.png; sourceTree = "<group>"; };
		6AAA90811B9759C500FF0107 /* alarm.mp3 */ = {isa = PBXFileReference; lastKnownFileType = audio.mp3; name = alarm.mp3; path = Resource/alarm.mp3; sourceTree = "<group>"; };
		6AD7D51C1B7352A6009FB7D2 /* MasterViewController.h */ = {isa = PBXFileReference; fileEncoding = 4; lastKnownFileType = sourcecode.c.h; path = MasterViewController.h; sourceTree = "<group>"; };
		6AD7D51D1B7352A6009FB7D2 /* MasterViewController.m */ = {isa = PBXFileReference; fileEncoding = 4; lastKnownFileType = sourcecode.c.objc; path = MasterViewController.m; sourceTree = "<group>"; };
		6ADC895E1B91FA3D004DE05B /* button.jpeg */ = {isa = PBXFileReference; lastKnownFileType = image.jpeg; name = button.jpeg; path = Resource/images/button.jpeg; sourceTree = "<group>"; };
		6AFDA2111B87AB0700F1EA3A /* cell_background.png */ = {isa = PBXFileReference; lastKnownFileType = image.png; name = cell_background.png; path = Resource/images/cell_background.png; sourceTree = "<group>"; };
		6AFDA2131B87AB3400F1EA3A /* selected_food_background.png */ = {isa = PBXFileReference; lastKnownFileType = image.png; name = selected_food_background.png; path = Resource/images/selected_food_background.png; sourceTree = "<group>"; };
		7554043ABD25BA5D56085563 /* Pods-swipelicious.debug.xcconfig */ = {isa = PBXFileReference; includeInIndex = 1; lastKnownFileType = text.xcconfig; name = "Pods-swipelicious.debug.xcconfig"; path = "Pods/Target Support Files/Pods-swipelicious/Pods-swipelicious.debug.xcconfig"; sourceTree = "<group>"; };
		8B3E05721D69887A0076D218 /* InitialSlidingViewController.h */ = {isa = PBXFileReference; fileEncoding = 4; lastKnownFileType = sourcecode.c.h; path = InitialSlidingViewController.h; sourceTree = "<group>"; };
		8B3E05731D69887A0076D218 /* InitialSlidingViewController.m */ = {isa = PBXFileReference; fileEncoding = 4; lastKnownFileType = sourcecode.c.objc; path = InitialSlidingViewController.m; sourceTree = "<group>"; };
		8B3E05751D6988CF0076D218 /* HomeNavigationController.h */ = {isa = PBXFileReference; fileEncoding = 4; lastKnownFileType = sourcecode.c.h; path = HomeNavigationController.h; sourceTree = "<group>"; };
		8B3E05761D6988CF0076D218 /* HomeNavigationController.m */ = {isa = PBXFileReference; fileEncoding = 4; lastKnownFileType = sourcecode.c.objc; path = HomeNavigationController.m; sourceTree = "<group>"; };
		8B3E05781D698A890076D218 /* home_btn_menu.png */ = {isa = PBXFileReference; lastKnownFileType = image.png; path = home_btn_menu.png; sourceTree = "<group>"; };
		8B3E057A1D698CB60076D218 /* MenuViewController.h */ = {isa = PBXFileReference; fileEncoding = 4; lastKnownFileType = sourcecode.c.h; path = MenuViewController.h; sourceTree = "<group>"; };
		8B3E057B1D698CB60076D218 /* MenuViewController.m */ = {isa = PBXFileReference; fileEncoding = 4; lastKnownFileType = sourcecode.c.objc; path = MenuViewController.m; sourceTree = "<group>"; };
		8B3E05811D69953A0076D218 /* MenuRoundButton.swift */ = {isa = PBXFileReference; fileEncoding = 4; lastKnownFileType = sourcecode.swift; path = MenuRoundButton.swift; sourceTree = "<group>"; };
		8BAF99C21D69A9D100337662 /* user_default.jpg */ = {isa = PBXFileReference; lastKnownFileType = image.jpeg; path = user_default.jpg; sourceTree = "<group>"; };
		8BB10D2D1D06672900B7B147 /* swipelicious-Prefix.pch */ = {isa = PBXFileReference; fileEncoding = 4; lastKnownFileType = sourcecode.c.h; path = "swipelicious-Prefix.pch"; sourceTree = "<group>"; };
		8BB10D2E1D066A0F00B7B147 /* AUtils.h */ = {isa = PBXFileReference; fileEncoding = 4; lastKnownFileType = sourcecode.c.h; path = AUtils.h; sourceTree = "<group>"; };
		8BB10D2F1D066A0F00B7B147 /* AUtils.m */ = {isa = PBXFileReference; fileEncoding = 4; lastKnownFileType = sourcecode.c.objc; path = AUtils.m; sourceTree = "<group>"; };
/* End PBXFileReference section */

/* Begin PBXFrameworksBuildPhase section */
		6A52F5791B65450500AECC90 /* Frameworks */ = {
			isa = PBXFrameworksBuildPhase;
			buildActionMask = 2147483647;
			files = (
				1428115F1D9597E9008ED3D9 /* MediaPlayer.framework in Frameworks */,
				1428115B1D9597DB008ED3D9 /* AdSupport.framework in Frameworks */,
				142811591D9597CE008ED3D9 /* CoreTelephony.framework in Frameworks */,
				14F286001D09B7E700CD98E4 /* libsqlite3.tbd in Frameworks */,
				142811551D95978E008ED3D9 /* KiipSDK.framework in Frameworks */,
				14F285FE1D09B7DA00CD98E4 /* libz.tbd in Frameworks */,
				142811621D959A24008ED3D9 /* PassKit.framework in Frameworks */,
				6A776D2F1B8C13910044C940 /* CoreGraphics.framework in Frameworks */,
				6A776D241B8BB3390044C940 /* LocalAuthentication.framework in Frameworks */,
				1462F41D1D09B3A100B4AE7B /* FBSDKLoginKit.framework in Frameworks */,
				1462F41C1D09B3A100B4AE7B /* FBSDKCoreKit.framework in Frameworks */,
				6A776D1E1B8B3F3F0044C940 /* CFNetwork.framework in Frameworks */,
				6A776D1C1B8B3F360044C940 /* Social.framework in Frameworks */,
				6A776D1A1B8B3F2D0044C940 /* Accelerate.framework in Frameworks */,
				6A776D181B8B3F250044C940 /* SystemConfiguration.framework in Frameworks */,
				6A776D161B8B3F1C0044C940 /* QuartzCore.framework in Frameworks */,
				6A776D141B8B3F130044C940 /* AudioToolbox.framework in Frameworks */,
				6A776D0E1B8B3EDD0044C940 /* MobileCoreServices.framework in Frameworks */,
				141918901D86EEAF005C55B9 /* FBSDKShareKit.framework in Frameworks */,
				6A776D0C1B8B3ED00044C940 /* Foundation.framework in Frameworks */,
				51EAB368D45EE8BA0D1BBA09 /* Pods_swipelicious.framework in Frameworks */,
			);
			runOnlyForDeploymentPostprocessing = 0;
		};
		6A52F5951B65450500AECC90 /* Frameworks */ = {
			isa = PBXFrameworksBuildPhase;
			buildActionMask = 2147483647;
			files = (
			);
			runOnlyForDeploymentPostprocessing = 0;
		};
/* End PBXFrameworksBuildPhase section */

/* Begin PBXGroup section */
		14F18D201D940AD8008698F9 /* Model */ = {
			isa = PBXGroup;
			children = (
				1449C96A1D084F28005A7437 /* Constants.swift */,
				1449C96C1D084F28005A7437 /* Profile.swift */,
				140E7CF01D08C7A800CE8218 /* Draw.swift */,
				14410AD41D8090E5008D4FE5 /* Tag.swift */,
				1449C96D1D084F28005A7437 /* Session.swift */,
				1449C96E1D084F28005A7437 /* User.swift */,
			);
			name = Model;
			sourceTree = "<group>";
		};
		6A52F5731B65450500AECC90 = {
			isa = PBXGroup;
			children = (
				1449C9661D084D0C005A7437 /* swipelicious-Bridging-Header.h */,
				6A52F57E1B65450500AECC90 /* swipelicious */,
				6A52F59B1B65450500AECC90 /* swipeliciousTests */,
				6A52F57D1B65450500AECC90 /* Products */,
				FDEDB5A414CD1603D2916E41 /* Pods */,
				75D95A444456AAF13D19E19A /* Frameworks */,
			);
			sourceTree = "<group>";
		};
		6A52F57D1B65450500AECC90 /* Products */ = {
			isa = PBXGroup;
			children = (
				6A52F57C1B65450500AECC90 /* swipelicious.app */,
				6A52F5981B65450500AECC90 /* swipeliciousTests.xctest */,
			);
			name = Products;
			sourceTree = "<group>";
		};
		6A52F57E1B65450500AECC90 /* swipelicious */ = {
			isa = PBXGroup;
			children = (
				1405C0ED1D99799500B15161 /* GoogleService-Info.plist */,
				142811601D959A24008ED3D9 /* swipelicious.entitlements */,
				14F18D201D940AD8008698F9 /* Model */,
				6AC913491B720C4600E96CD1 /* Frameworks */,
				6AC325261B68C06400D495D4 /* Resource */,
				6A776CEA1B8AC93D0044C940 /* ProgressHUD */,
				6A52F5831B65450500AECC90 /* AppDelegate.h */,
				6A52F5841B65450500AECC90 /* AppDelegate.m */,
				8BB10D2E1D066A0F00B7B147 /* AUtils.h */,
				8BB10D2F1D066A0F00B7B147 /* AUtils.m */,
				8B3E057D1D6994580076D218 /* CustomView */,
				6A776D4D1B8D05C60044C940 /* Class */,
				6A52F58C1B65450500AECC90 /* Main.storyboard */,
				6A52F58F1B65450500AECC90 /* Images.xcassets */,
				6A52F5911B65450500AECC90 /* LaunchScreen.xib */,
				6A52F57F1B65450500AECC90 /* Supporting Files */,
			);
			path = swipelicious;
			sourceTree = "<group>";
		};
		6A52F57F1B65450500AECC90 /* Supporting Files */ = {
			isa = PBXGroup;
			children = (
				6A52F5801B65450500AECC90 /* Info.plist */,
				6A52F5811B65450500AECC90 /* main.m */,
				8BB10D2D1D06672900B7B147 /* swipelicious-Prefix.pch */,
			);
			name = "Supporting Files";
			sourceTree = "<group>";
		};
		6A52F59B1B65450500AECC90 /* swipeliciousTests */ = {
			isa = PBXGroup;
			children = (
				6A52F59E1B65450500AECC90 /* swipeliciousTests.m */,
				6A52F59C1B65450500AECC90 /* Supporting Files */,
			);
			path = swipeliciousTests;
			sourceTree = "<group>";
		};
		6A52F59C1B65450500AECC90 /* Supporting Files */ = {
			isa = PBXGroup;
			children = (
				6A52F59D1B65450500AECC90 /* Info.plist */,
			);
			name = "Supporting Files";
			sourceTree = "<group>";
		};
		6A776CEA1B8AC93D0044C940 /* ProgressHUD */ = {
			isa = PBXGroup;
			children = (
				6A776CEB1B8AC93D0044C940 /* ProgressHUD.bundle */,
				6A776CEC1B8AC93D0044C940 /* ProgressHUD.h */,
				6A776CED1B8AC93D0044C940 /* ProgressHUD.m */,
			);
			path = ProgressHUD;
			sourceTree = "<group>";
		};
		6A776D4D1B8D05C60044C940 /* Class */ = {
			isa = PBXGroup;
			children = (
				14B8E4251D22B21700D63903 /* UserLoginViewController.swift */,
				14B8E4261D22B21700D63903 /* UserRegisterViewController.swift */,
				6A52F5A81B6546A300AECC90 /* MainViewController.h */,
				6A52F5A91B6546A300AECC90 /* MainViewController.m */,
				8B3E05721D69887A0076D218 /* InitialSlidingViewController.h */,
				8B3E05731D69887A0076D218 /* InitialSlidingViewController.m */,
				8B3E05751D6988CF0076D218 /* HomeNavigationController.h */,
				8B3E05761D6988CF0076D218 /* HomeNavigationController.m */,
				8B3E057A1D698CB60076D218 /* MenuViewController.h */,
				8B3E057B1D698CB60076D218 /* MenuViewController.m */,
				6AD7D51C1B7352A6009FB7D2 /* MasterViewController.h */,
				6AD7D51D1B7352A6009FB7D2 /* MasterViewController.m */,
				6A729A611B87932F00296E47 /* ShowselectedfoodlistViewController.h */,
				6A729A621B87932F00296E47 /* ShowselectedfoodlistViewController.m */,
				6A776C461B89BD050044C940 /* ShowfooddetailViewController.h */,
				6A776C471B89BD050044C940 /* ShowfooddetailViewController.m */,
				14410ACF1D808DC6008D4FE5 /* TagTableViewController.h */,
				14410AD01D808DC6008D4FE5 /* TagTableViewController.m */,
				14CE25171CDB991B00644138 /* FoodTableViewCell.h */,
				14CE25181CDB991B00644138 /* FoodTableViewCell.m */,
				1419188C1D86ED17005C55B9 /* FriendsViewController.h */,
				1419188D1D86ED17005C55B9 /* FriendsViewController.m */,
				141918891D86E3A9005C55B9 /* FriendTableViewCell.h */,
				1419188A1D86E3A9005C55B9 /* FriendTableViewCell.m */,
				6A776D4F1B8D06520044C940 /* swipe */,
				1479D05C1D6B440000347874 /* WebViewController.h */,
				1479D05D1D6B440000347874 /* WebViewController.m */,
			);
			name = Class;
			sourceTree = "<group>";
		};
		6A776D4F1B8D06520044C940 /* swipe */ = {
			isa = PBXGroup;
			children = (
				6A776D2B1B8C127B0044C940 /* DraggableViewBackground.h */,
				6A776D2C1B8C127B0044C940 /* DraggableViewBackground.m */,
				143A80711CD8D9E900DA41A2 /* DraggableViewBackground.xib */,
				6A776D251B8BFF340044C940 /* DraggableView.h */,
				6A776D261B8BFF340044C940 /* DraggableView.m */,
				143A806F1CD7DA3A00DA41A2 /* RecipeView.xib */,
				6A776D271B8BFF340044C940 /* OverlayView.h */,
				6A776D281B8BFF340044C940 /* OverlayView.m */,
			);
			name = swipe;
			sourceTree = "<group>";
		};
		6AC325261B68C06400D495D4 /* Resource */ = {
			isa = PBXGroup;
			children = (
				14CE251A1CDB9E5E00644138 /* HCSStarRatingView.h */,
				14CE251B1CDB9E5E00644138 /* HCSStarRatingView.m */,
				6AAA90811B9759C500FF0107 /* alarm.mp3 */,
				6AC325271B68C07500D495D4 /* images */,
				145A4A611CDBE0AC00622305 /* HeaderButton.h */,
				145A4A621CDBE0AC00622305 /* HeaderButton.m */,
			);
			name = Resource;
			sourceTree = "<group>";
		};
		6AC325271B68C07500D495D4 /* images */ = {
			isa = PBXGroup;
			children = (
				8BAF99C21D69A9D100337662 /* user_default.jpg */,
				8B3E05781D698A890076D218 /* home_btn_menu.png */,
				6ADC895E1B91FA3D004DE05B /* button.jpeg */,
				6A776D301B8C17980044C940 /* dislikeicon.png */,
				6A776D311B8C17980044C940 /* likeicon.png */,
				6A776D321B8C17980044C940 /* noButton.png */,
				6A776D331B8C17980044C940 /* yesButton.png */,
				6A776D211B8B86440044C940 /* recipedetailbackground.png */,
				6AFDA2131B87AB3400F1EA3A /* selected_food_background.png */,
				6AFDA2111B87AB0700F1EA3A /* cell_background.png */,
				6A7C35631B730989008A6E68 /* main.png */,
				44DBB6FD1B6F6EF600780CE4 /* 1.png */,
				44DBB6FE1B6F6EF600780CE4 /* 2.png */,
				44DBB6FF1B6F6EF600780CE4 /* 3.png */,
				44DBB7011B6F6EF600780CE4 /* fbbutton.png */,
				443889CE1B6B6BE80079E871 /* splash1.jpg */,
				443889CF1B6B6BE80079E871 /* splash2.jpg */,
				443889D01B6B6BE80079E871 /* splash3.jpg */,
			);
			indentWidth = 5;
			name = images;
			sourceTree = "<group>";
		};
		6AC913491B720C4600E96CD1 /* Frameworks */ = {
			isa = PBXGroup;
			children = (
				142811561D9597AA008ED3D9 /* KiipSDKResources.bundle */,
				142811541D95978E008ED3D9 /* KiipSDK.framework */,
				6A776D2E1B8C13910044C940 /* CoreGraphics.framework */,
				6A776D231B8BB3380044C940 /* LocalAuthentication.framework */,
				6A776D1D1B8B3F3F0044C940 /* CFNetwork.framework */,
				6A776D1B1B8B3F360044C940 /* Social.framework */,
				6A776D191B8B3F2D0044C940 /* Accelerate.framework */,
				6A776D171B8B3F250044C940 /* SystemConfiguration.framework */,
				6A776D151B8B3F1C0044C940 /* QuartzCore.framework */,
				6A776D131B8B3F130044C940 /* AudioToolbox.framework */,
				6A776D0D1B8B3EDD0044C940 /* MobileCoreServices.framework */,
				6A776D0B1B8B3ED00044C940 /* Foundation.framework */,
				6AC9134D1B720F7400E96CD1 /* FacebookSDK */,
			);
			path = Frameworks;
			sourceTree = "<group>";
		};
		6AC9134D1B720F7400E96CD1 /* FacebookSDK */ = {
			isa = PBXGroup;
			children = (
				1419188F1D86EEAF005C55B9 /* FBSDKShareKit.framework */,
				1462F41A1D09B3A100B4AE7B /* FBSDKCoreKit.framework */,
				1462F41B1D09B3A100B4AE7B /* FBSDKLoginKit.framework */,
			);
			path = FacebookSDK;
			sourceTree = "<group>";
		};
		75D95A444456AAF13D19E19A /* Frameworks */ = {
			isa = PBXGroup;
			children = (
				142811611D959A24008ED3D9 /* PassKit.framework */,
				1428115E1D9597E9008ED3D9 /* MediaPlayer.framework */,
				1428115A1D9597DB008ED3D9 /* AdSupport.framework */,
				142811581D9597CE008ED3D9 /* CoreTelephony.framework */,
				14F285FF1D09B7E700CD98E4 /* libsqlite3.tbd */,
				14F285FD1D09B7DA00CD98E4 /* libz.tbd */,
				3A4EE207D3C965F525B2C2EE /* Pods_swipelicious.framework */,
			);
			name = Frameworks;
			sourceTree = "<group>";
		};
		8B3E057D1D6994580076D218 /* CustomView */ = {
			isa = PBXGroup;
			children = (
				8B3E05811D69953A0076D218 /* MenuRoundButton.swift */,
			);
			name = CustomView;
			sourceTree = "<group>";
		};
		FDEDB5A414CD1603D2916E41 /* Pods */ = {
			isa = PBXGroup;
			children = (
				7554043ABD25BA5D56085563 /* Pods-swipelicious.debug.xcconfig */,
				01ABEE272484B7E7A0F70EE4 /* Pods-swipelicious.release.xcconfig */,
			);
			name = Pods;
			sourceTree = "<group>";
		};
/* End PBXGroup section */

/* Begin PBXNativeTarget section */
		6A52F57B1B65450500AECC90 /* swipelicious */ = {
			isa = PBXNativeTarget;
			buildConfigurationList = 6A52F5A21B65450500AECC90 /* Build configuration list for PBXNativeTarget "swipelicious" */;
			buildPhases = (
				3D5731FB98CC62688273E7CF /* [CP] Check Pods Manifest.lock */,
				6A52F5781B65450500AECC90 /* Sources */,
				6A52F5791B65450500AECC90 /* Frameworks */,
				6A52F57A1B65450500AECC90 /* Resources */,
				AB5A7E1D779F5D18EB6C9093 /* [CP] Embed Pods Frameworks */,
				79DB733BD2AFEC92618937DC /* [CP] Copy Pods Resources */,
			);
			buildRules = (
			);
			dependencies = (
			);
			name = swipelicious;
			productName = swipelicious;
			productReference = 6A52F57C1B65450500AECC90 /* swipelicious.app */;
			productType = "com.apple.product-type.application";
		};
		6A52F5971B65450500AECC90 /* swipeliciousTests */ = {
			isa = PBXNativeTarget;
			buildConfigurationList = 6A52F5A51B65450500AECC90 /* Build configuration list for PBXNativeTarget "swipeliciousTests" */;
			buildPhases = (
				6A52F5941B65450500AECC90 /* Sources */,
				6A52F5951B65450500AECC90 /* Frameworks */,
				6A52F5961B65450500AECC90 /* Resources */,
			);
			buildRules = (
			);
			dependencies = (
				6A52F59A1B65450500AECC90 /* PBXTargetDependency */,
			);
			name = swipeliciousTests;
			productName = swipeliciousTests;
			productReference = 6A52F5981B65450500AECC90 /* swipeliciousTests.xctest */;
			productType = "com.apple.product-type.bundle.unit-test";
		};
/* End PBXNativeTarget section */

/* Begin PBXProject section */
		6A52F5741B65450500AECC90 /* Project object */ = {
			isa = PBXProject;
			attributes = {
				LastUpgradeCheck = 0800;
				ORGANIZATIONNAME = dennis;
				TargetAttributes = {
					6A52F57B1B65450500AECC90 = {
						CreatedOnToolsVersion = 6.3;
						DevelopmentTeam = T2E3HD22C2;
						LastSwiftMigration = 0800;
						SystemCapabilities = {
							com.apple.Wallet = {
								enabled = 1;
							};
						};
					};
					6A52F5971B65450500AECC90 = {
						CreatedOnToolsVersion = 6.3;
						TestTargetID = 6A52F57B1B65450500AECC90;
					};
				};
			};
			buildConfigurationList = 6A52F5771B65450500AECC90 /* Build configuration list for PBXProject "swipelicious" */;
			compatibilityVersion = "Xcode 3.2";
			developmentRegion = English;
			hasScannedForEncodings = 0;
			knownRegions = (
				en,
				Base,
			);
			mainGroup = 6A52F5731B65450500AECC90;
			productRefGroup = 6A52F57D1B65450500AECC90 /* Products */;
			projectDirPath = "";
			projectRoot = "";
			targets = (
				6A52F57B1B65450500AECC90 /* swipelicious */,
				6A52F5971B65450500AECC90 /* swipeliciousTests */,
			);
		};
/* End PBXProject section */

/* Begin PBXResourcesBuildPhase section */
		6A52F57A1B65450500AECC90 /* Resources */ = {
			isa = PBXResourcesBuildPhase;
			buildActionMask = 2147483647;
			files = (
				6A776D001B8AC93D0044C940 /* ProgressHUD.bundle in Resources */,
				143A80721CD8D9E900DA41A2 /* DraggableViewBackground.xib in Resources */,
				8BAF99C31D69A9D100337662 /* user_default.jpg in Resources */,
				44DBB7031B6F6EF600780CE4 /* 1.png in Resources */,
				6AAA90821B9759C500FF0107 /* alarm.mp3 in Resources */,
				6A776D341B8C17980044C940 /* dislikeicon.png in Resources */,
				6A776D221B8B86440044C940 /* recipedetailbackground.png in Resources */,
				6AFDA2121B87AB0700F1EA3A /* cell_background.png in Resources */,
				44DBB7071B6F6EF600780CE4 /* fbbutton.png in Resources */,
				443889D31B6B6BE80079E871 /* splash3.jpg in Resources */,
				6A776D351B8C17980044C940 /* likeicon.png in Resources */,
				1405C0EE1D99799500B15161 /* GoogleService-Info.plist in Resources */,
				6A52F58E1B65450500AECC90 /* Main.storyboard in Resources */,
				6A7C35641B730989008A6E68 /* main.png in Resources */,
				6A776D361B8C17980044C940 /* noButton.png in Resources */,
				6ADC895F1B91FA3D004DE05B /* button.jpeg in Resources */,
				142811571D9597AA008ED3D9 /* KiipSDKResources.bundle in Resources */,
				443889D21B6B6BE80079E871 /* splash2.jpg in Resources */,
				44DBB7051B6F6EF600780CE4 /* 3.png in Resources */,
				6A52F5931B65450500AECC90 /* LaunchScreen.xib in Resources */,
				143A80701CD7DA3A00DA41A2 /* RecipeView.xib in Resources */,
				44DBB7041B6F6EF600780CE4 /* 2.png in Resources */,
				6AFDA2141B87AB3400F1EA3A /* selected_food_background.png in Resources */,
				8B3E05791D698A890076D218 /* home_btn_menu.png in Resources */,
				443889D11B6B6BE80079E871 /* splash1.jpg in Resources */,
				6A776D371B8C17980044C940 /* yesButton.png in Resources */,
				6A52F5901B65450500AECC90 /* Images.xcassets in Resources */,
			);
			runOnlyForDeploymentPostprocessing = 0;
		};
		6A52F5961B65450500AECC90 /* Resources */ = {
			isa = PBXResourcesBuildPhase;
			buildActionMask = 2147483647;
			files = (
			);
			runOnlyForDeploymentPostprocessing = 0;
		};
/* End PBXResourcesBuildPhase section */

/* Begin PBXShellScriptBuildPhase section */
		3D5731FB98CC62688273E7CF /* [CP] Check Pods Manifest.lock */ = {
			isa = PBXShellScriptBuildPhase;
			buildActionMask = 2147483647;
			files = (
			);
			inputPaths = (
			);
			name = "[CP] Check Pods Manifest.lock";
			outputPaths = (
			);
			runOnlyForDeploymentPostprocessing = 0;
			shellPath = /bin/sh;
			shellScript = "diff \"${PODS_ROOT}/../Podfile.lock\" \"${PODS_ROOT}/Manifest.lock\" > /dev/null\nif [[ $? != 0 ]] ; then\n    cat << EOM\nerror: The sandbox is not in sync with the Podfile.lock. Run 'pod install' or update your CocoaPods installation.\nEOM\n    exit 1\nfi\n";
			showEnvVarsInLog = 0;
		};
		79DB733BD2AFEC92618937DC /* [CP] Copy Pods Resources */ = {
			isa = PBXShellScriptBuildPhase;
			buildActionMask = 2147483647;
			files = (
			);
			inputPaths = (
			);
			name = "[CP] Copy Pods Resources";
			outputPaths = (
			);
			runOnlyForDeploymentPostprocessing = 0;
			shellPath = /bin/sh;
			shellScript = "\"${SRCROOT}/Pods/Target Support Files/Pods-swipelicious/Pods-swipelicious-resources.sh\"\n";
			showEnvVarsInLog = 0;
		};
		AB5A7E1D779F5D18EB6C9093 /* [CP] Embed Pods Frameworks */ = {
			isa = PBXShellScriptBuildPhase;
			buildActionMask = 2147483647;
			files = (
			);
			inputPaths = (
			);
			name = "[CP] Embed Pods Frameworks";
			outputPaths = (
			);
			runOnlyForDeploymentPostprocessing = 0;
			shellPath = /bin/sh;
			shellScript = "\"${SRCROOT}/Pods/Target Support Files/Pods-swipelicious/Pods-swipelicious-frameworks.sh\"\n";
			showEnvVarsInLog = 0;
		};
/* End PBXShellScriptBuildPhase section */

/* Begin PBXSourcesBuildPhase section */
		6A52F5781B65450500AECC90 /* Sources */ = {
			isa = PBXSourcesBuildPhase;
			buildActionMask = 2147483647;
			files = (
				8B3E05741D69887A0076D218 /* InitialSlidingViewController.m in Sources */,
				8BB10D301D066A0F00B7B147 /* AUtils.m in Sources */,
				1419188B1D86E3A9005C55B9 /* FriendTableViewCell.m in Sources */,
				14CE25191CDB991B00644138 /* FoodTableViewCell.m in Sources */,
				6A776D2A1B8BFF340044C940 /* OverlayView.m in Sources */,
				14B8E4281D22B21700D63903 /* UserRegisterViewController.swift in Sources */,
				6A729A631B87932F00296E47 /* ShowselectedfoodlistViewController.m in Sources */,
				6AD7D51E1B7352A6009FB7D2 /* MasterViewController.m in Sources */,
				14410AD51D8090E5008D4FE5 /* Tag.swift in Sources */,
				145A4A631CDBE0AC00622305 /* HeaderButton.m in Sources */,
				14B8E4271D22B21700D63903 /* UserLoginViewController.swift in Sources */,
				6A776D011B8AC93D0044C940 /* ProgressHUD.m in Sources */,
				140E7CF11D08C7A800CE8218 /* Draw.swift in Sources */,
				1449C9721D084F28005A7437 /* Profile.swift in Sources */,
				8B3E057C1D698CB60076D218 /* MenuViewController.m in Sources */,
				6A52F5851B65450500AECC90 /* AppDelegate.m in Sources */,
				1419188E1D86ED17005C55B9 /* FriendsViewController.m in Sources */,
				6A52F5AA1B6546A300AECC90 /* MainViewController.m in Sources */,
				6A776D291B8BFF340044C940 /* DraggableView.m in Sources */,
				1449C9741D084F28005A7437 /* User.swift in Sources */,
				1449C9701D084F28005A7437 /* Constants.swift in Sources */,
				6A776C481B89BD050044C940 /* ShowfooddetailViewController.m in Sources */,
				1449C9731D084F28005A7437 /* Session.swift in Sources */,
				14CE251C1CDB9E5E00644138 /* HCSStarRatingView.m in Sources */,
				6A776D2D1B8C127B0044C940 /* DraggableViewBackground.m in Sources */,
				8B3E05771D6988CF0076D218 /* HomeNavigationController.m in Sources */,
				14410AD11D808DC6008D4FE5 /* TagTableViewController.m in Sources */,
				8B3E05821D69953A0076D218 /* MenuRoundButton.swift in Sources */,
				1479D05E1D6B440000347874 /* WebViewController.m in Sources */,
				6A52F5821B65450500AECC90 /* main.m in Sources */,
			);
			runOnlyForDeploymentPostprocessing = 0;
		};
		6A52F5941B65450500AECC90 /* Sources */ = {
			isa = PBXSourcesBuildPhase;
			buildActionMask = 2147483647;
			files = (
				6A52F59F1B65450500AECC90 /* swipeliciousTests.m in Sources */,
			);
			runOnlyForDeploymentPostprocessing = 0;
		};
/* End PBXSourcesBuildPhase section */

/* Begin PBXTargetDependency section */
		6A52F59A1B65450500AECC90 /* PBXTargetDependency */ = {
			isa = PBXTargetDependency;
			target = 6A52F57B1B65450500AECC90 /* swipelicious */;
			targetProxy = 6A52F5991B65450500AECC90 /* PBXContainerItemProxy */;
		};
/* End PBXTargetDependency section */

/* Begin PBXVariantGroup section */
		6A52F58C1B65450500AECC90 /* Main.storyboard */ = {
			isa = PBXVariantGroup;
			children = (
				6A52F58D1B65450500AECC90 /* Base */,
			);
			name = Main.storyboard;
			sourceTree = "<group>";
		};
		6A52F5911B65450500AECC90 /* LaunchScreen.xib */ = {
			isa = PBXVariantGroup;
			children = (
				6A52F5921B65450500AECC90 /* Base */,
			);
			name = LaunchScreen.xib;
			sourceTree = "<group>";
		};
/* End PBXVariantGroup section */

/* Begin XCBuildConfiguration section */
		6A52F5A01B65450500AECC90 /* Debug */ = {
			isa = XCBuildConfiguration;
			buildSettings = {
				ALWAYS_SEARCH_USER_PATHS = NO;
				CLANG_ALLOW_NON_MODULAR_INCLUDES_IN_FRAMEWORK_MODULES = YES;
				CLANG_CXX_LANGUAGE_STANDARD = "gnu++0x";
				CLANG_CXX_LIBRARY = "libc++";
				CLANG_ENABLE_MODULES = YES;
				CLANG_ENABLE_OBJC_ARC = YES;
				CLANG_WARN_BOOL_CONVERSION = YES;
				CLANG_WARN_CONSTANT_CONVERSION = YES;
				CLANG_WARN_DIRECT_OBJC_ISA_USAGE = YES_ERROR;
				CLANG_WARN_EMPTY_BODY = YES;
				CLANG_WARN_ENUM_CONVERSION = YES;
				CLANG_WARN_INFINITE_RECURSION = YES;
				CLANG_WARN_INT_CONVERSION = YES;
				CLANG_WARN_OBJC_ROOT_CLASS = YES_ERROR;
				CLANG_WARN_SUSPICIOUS_MOVE = YES;
				CLANG_WARN_UNREACHABLE_CODE = YES;
				CLANG_WARN__DUPLICATE_METHOD_MATCH = YES;
				"CODE_SIGN_IDENTITY[sdk=iphoneos*]" = "iPhone Developer";
				COPY_PHASE_STRIP = NO;
				DEBUG_INFORMATION_FORMAT = "dwarf-with-dsym";
				DEFINES_MODULE = YES;
				ENABLE_STRICT_OBJC_MSGSEND = YES;
				ENABLE_TESTABILITY = YES;
				GCC_C_LANGUAGE_STANDARD = gnu99;
				GCC_DYNAMIC_NO_PIC = NO;
				GCC_NO_COMMON_BLOCKS = YES;
				GCC_OPTIMIZATION_LEVEL = 0;
				GCC_PREPROCESSOR_DEFINITIONS = (
					"DEBUG=1",
					"$(inherited)",
				);
				GCC_SYMBOLS_PRIVATE_EXTERN = NO;
				GCC_WARN_64_TO_32_BIT_CONVERSION = YES;
				GCC_WARN_ABOUT_RETURN_TYPE = YES_ERROR;
				GCC_WARN_UNDECLARED_SELECTOR = YES;
				GCC_WARN_UNINITIALIZED_AUTOS = YES_AGGRESSIVE;
				GCC_WARN_UNUSED_FUNCTION = YES;
				GCC_WARN_UNUSED_VARIABLE = YES;
				IPHONEOS_DEPLOYMENT_TARGET = 8.3;
				MTL_ENABLE_DEBUG_INFO = YES;
				ONLY_ACTIVE_ARCH = YES;
				PRODUCT_MODULE_NAME = swipelicious;
				SDKROOT = iphoneos;
			};
			name = Debug;
		};
		6A52F5A11B65450500AECC90 /* Release */ = {
			isa = XCBuildConfiguration;
			buildSettings = {
				ALWAYS_SEARCH_USER_PATHS = NO;
				CLANG_ALLOW_NON_MODULAR_INCLUDES_IN_FRAMEWORK_MODULES = YES;
				CLANG_CXX_LANGUAGE_STANDARD = "gnu++0x";
				CLANG_CXX_LIBRARY = "libc++";
				CLANG_ENABLE_MODULES = YES;
				CLANG_ENABLE_OBJC_ARC = YES;
				CLANG_WARN_BOOL_CONVERSION = YES;
				CLANG_WARN_CONSTANT_CONVERSION = YES;
				CLANG_WARN_DIRECT_OBJC_ISA_USAGE = YES_ERROR;
				CLANG_WARN_EMPTY_BODY = YES;
				CLANG_WARN_ENUM_CONVERSION = YES;
				CLANG_WARN_INFINITE_RECURSION = YES;
				CLANG_WARN_INT_CONVERSION = YES;
				CLANG_WARN_OBJC_ROOT_CLASS = YES_ERROR;
				CLANG_WARN_SUSPICIOUS_MOVE = YES;
				CLANG_WARN_UNREACHABLE_CODE = YES;
				CLANG_WARN__DUPLICATE_METHOD_MATCH = YES;
				"CODE_SIGN_IDENTITY[sdk=iphoneos*]" = "iPhone Developer";
				COPY_PHASE_STRIP = NO;
				DEBUG_INFORMATION_FORMAT = "dwarf-with-dsym";
				DEFINES_MODULE = YES;
				ENABLE_NS_ASSERTIONS = NO;
				ENABLE_STRICT_OBJC_MSGSEND = YES;
				GCC_C_LANGUAGE_STANDARD = gnu99;
				GCC_NO_COMMON_BLOCKS = YES;
				GCC_WARN_64_TO_32_BIT_CONVERSION = YES;
				GCC_WARN_ABOUT_RETURN_TYPE = YES_ERROR;
				GCC_WARN_UNDECLARED_SELECTOR = YES;
				GCC_WARN_UNINITIALIZED_AUTOS = YES_AGGRESSIVE;
				GCC_WARN_UNUSED_FUNCTION = YES;
				GCC_WARN_UNUSED_VARIABLE = YES;
				IPHONEOS_DEPLOYMENT_TARGET = 8.3;
				MTL_ENABLE_DEBUG_INFO = NO;
				PRODUCT_MODULE_NAME = swipelicious;
				SDKROOT = iphoneos;
				SWIFT_OPTIMIZATION_LEVEL = "-Owholemodule";
				VALIDATE_PRODUCT = YES;
			};
			name = Release;
		};
		6A52F5A31B65450500AECC90 /* Debug */ = {
			isa = XCBuildConfiguration;
			baseConfigurationReference = 7554043ABD25BA5D56085563 /* Pods-swipelicious.debug.xcconfig */;
			buildSettings = {
				ALWAYS_EMBED_SWIFT_STANDARD_LIBRARIES = YES;
				ASSETCATALOG_COMPILER_APPICON_NAME = AppIcon;
				ASSETCATALOG_COMPILER_LAUNCHIMAGE_NAME = "";
				CLANG_ALLOW_NON_MODULAR_INCLUDES_IN_FRAMEWORK_MODULES = YES;
				CODE_SIGN_ENTITLEMENTS = swipelicious/swipelicious.entitlements;
				CODE_SIGN_IDENTITY = "iPhone Developer";
				"CODE_SIGN_IDENTITY[sdk=iphoneos*]" = "iPhone Developer";
				DEFINES_MODULE = YES;
				ENABLE_BITCODE = NO;
				FRAMEWORK_SEARCH_PATHS = (
					"$(inherited)",
					"$(PROJECT_DIR)/swipelicious/Frameworks/FacebookSDK",
					"$(PROJECT_DIR)/swipelicious/Frameworks/parse",
					"$(PROJECT_DIR)/swipelicious/Frameworks",
				);
				GCC_PRECOMPILE_PREFIX_HEADER = YES;
				GCC_PREFIX_HEADER = "swipelicious/swipelicious-Prefix.pch";
				INFOPLIST_FILE = swipelicious/Info.plist;
				IPHONEOS_DEPLOYMENT_TARGET = 9.0;
				LD_RUNPATH_SEARCH_PATHS = "$(inherited) @executable_path/Frameworks";
				PRODUCT_BUNDLE_IDENTIFIER = com.looping.swipelicious;
				PRODUCT_NAME = "$(TARGET_NAME)";
				PROVISIONING_PROFILE = "";
				SWIFT_OBJC_BRIDGING_HEADER = "swipelicious-Bridging-Header.h";
				SWIFT_VERSION = 2.3;
			};
			name = Debug;
		};
		6A52F5A41B65450500AECC90 /* Release */ = {
			isa = XCBuildConfiguration;
			baseConfigurationReference = 01ABEE272484B7E7A0F70EE4 /* Pods-swipelicious.release.xcconfig */;
			buildSettings = {
				ALWAYS_EMBED_SWIFT_STANDARD_LIBRARIES = YES;
				ASSETCATALOG_COMPILER_APPICON_NAME = AppIcon;
				ASSETCATALOG_COMPILER_LAUNCHIMAGE_NAME = "";
				CLANG_ALLOW_NON_MODULAR_INCLUDES_IN_FRAMEWORK_MODULES = YES;
				CODE_SIGN_ENTITLEMENTS = swipelicious/swipelicious.entitlements;
				CODE_SIGN_IDENTITY = "iPhone Developer";
				"CODE_SIGN_IDENTITY[sdk=iphoneos*]" = "iPhone Developer";
				DEFINES_MODULE = YES;
				ENABLE_BITCODE = NO;
				FRAMEWORK_SEARCH_PATHS = (
					"$(inherited)",
					"$(PROJECT_DIR)/swipelicious/Frameworks/FacebookSDK",
					"$(PROJECT_DIR)/swipelicious/Frameworks/parse",
					"$(PROJECT_DIR)/swipelicious/Frameworks",
				);
				GCC_PRECOMPILE_PREFIX_HEADER = YES;
				GCC_PREFIX_HEADER = "swipelicious/swipelicious-Prefix.pch";
				INFOPLIST_FILE = swipelicious/Info.plist;
				IPHONEOS_DEPLOYMENT_TARGET = 9.0;
				LD_RUNPATH_SEARCH_PATHS = "$(inherited) @executable_path/Frameworks";
				PRODUCT_BUNDLE_IDENTIFIER = com.looping.swipelicious;
				PRODUCT_NAME = "$(TARGET_NAME)";
				PROVISIONING_PROFILE = "";
				SWIFT_OBJC_BRIDGING_HEADER = "swipelicious-Bridging-Header.h";
				SWIFT_VERSION = 2.3;
			};
			name = Release;
		};
		6A52F5A61B65450500AECC90 /* Debug */ = {
			isa = XCBuildConfiguration;
			buildSettings = {
				BUNDLE_LOADER = "$(TEST_HOST)";
				FRAMEWORK_SEARCH_PATHS = (
					"$(SDKROOT)/Developer/Library/Frameworks",
					"$(inherited)",
				);
				GCC_PREPROCESSOR_DEFINITIONS = (
					"DEBUG=1",
					"$(inherited)",
				);
				INFOPLIST_FILE = swipeliciousTests/Info.plist;
				LD_RUNPATH_SEARCH_PATHS = "$(inherited) @executable_path/Frameworks @loader_path/Frameworks";
				PRODUCT_BUNDLE_IDENTIFIER = "Ryan.$(PRODUCT_NAME:rfc1034identifier)";
				PRODUCT_NAME = "$(TARGET_NAME)";
				TEST_HOST = "$(BUILT_PRODUCTS_DIR)/swipelicious.app/swipelicious";
			};
			name = Debug;
		};
		6A52F5A71B65450500AECC90 /* Release */ = {
			isa = XCBuildConfiguration;
			buildSettings = {
				BUNDLE_LOADER = "$(TEST_HOST)";
				FRAMEWORK_SEARCH_PATHS = (
					"$(SDKROOT)/Developer/Library/Frameworks",
					"$(inherited)",
				);
				INFOPLIST_FILE = swipeliciousTests/Info.plist;
				LD_RUNPATH_SEARCH_PATHS = "$(inherited) @executable_path/Frameworks @loader_path/Frameworks";
				PRODUCT_BUNDLE_IDENTIFIER = "Ryan.$(PRODUCT_NAME:rfc1034identifier)";
				PRODUCT_NAME = "$(TARGET_NAME)";
				TEST_HOST = "$(BUILT_PRODUCTS_DIR)/swipelicious.app/swipelicious";
			};
			name = Release;
		};
/* End XCBuildConfiguration section */

/* Begin XCConfigurationList section */
		6A52F5771B65450500AECC90 /* Build configuration list for PBXProject "swipelicious" */ = {
			isa = XCConfigurationList;
			buildConfigurations = (
				6A52F5A01B65450500AECC90 /* Debug */,
				6A52F5A11B65450500AECC90 /* Release */,
			);
			defaultConfigurationIsVisible = 0;
			defaultConfigurationName = Release;
		};
		6A52F5A21B65450500AECC90 /* Build configuration list for PBXNativeTarget "swipelicious" */ = {
			isa = XCConfigurationList;
			buildConfigurations = (
				6A52F5A31B65450500AECC90 /* Debug */,
				6A52F5A41B65450500AECC90 /* Release */,
			);
			defaultConfigurationIsVisible = 0;
			defaultConfigurationName = Release;
		};
		6A52F5A51B65450500AECC90 /* Build configuration list for PBXNativeTarget "swipeliciousTests" */ = {
			isa = XCConfigurationList;
			buildConfigurations = (
				6A52F5A61B65450500AECC90 /* Debug */,
				6A52F5A71B65450500AECC90 /* Release */,
			);
			defaultConfigurationIsVisible = 0;
			defaultConfigurationName = Release;
		};
/* End XCConfigurationList section */
	};
	rootObject = 6A52F5741B65450500AECC90 /* Project object */;
}
