PODS:
  - AFNetworking (3.1.0):
    - AFNetworking/NSURLSession (= 3.1.0)
    - AFNetworking/Reachability (= 3.1.0)
    - AFNetworking/Security (= 3.1.0)
    - AFNetworking/Serialization (= 3.1.0)
    - AFNetworking/UIKit (= 3.1.0)
  - AFNetworking/NSURLSession (3.1.0):
    - AFNetworking/Reachability
    - AFNetworking/Security
    - AFNetworking/Serialization
  - AFNetworking/Reachability (3.1.0)
  - AFNetworking/Security (3.1.0)
  - AFNetworking/Serialization (3.1.0)
  - AFNetworking/UIKit (3.1.0):
    - AFNetworking/NSURLSession
  - Alamofire (4.3.0)
  - Crashlytics (3.8.3):
    - Fabric (~> 1.6.3)
  - ECSlidingViewController (1.3.3)
  - Fabric (1.6.11)
  - Firebase/AdMob (3.12.0):
    - Firebase/Core
    - Google-Mobile-Ads-SDK (= 7.17.0)
  - Firebase/Core (3.12.0):
    - FirebaseAnalytics (= 3.6.0)
    - FirebaseCore (= 3.4.7)
  - FirebaseAnalytics (3.6.0):
    - FirebaseCore (~> 3.4)
    - FirebaseInstanceID (~> 1.0)
    - GoogleInterchangeUtilities (~> 1.2)
    - GoogleSymbolUtilities (~> 1.1)
    - GoogleToolboxForMac/NSData+zlib (~> 2.1)
  - FirebaseCore (3.4.7):
    - GoogleInterchangeUtilities (~> 1.2)
    - GoogleSymbolUtilities (~> 1.1)
    - GoogleToolboxForMac/NSData+zlib (~> 2.1)
  - FirebaseInstanceID (1.0.8)
  - Google-Mobile-Ads-SDK (7.17.0)
  - GoogleInterchangeUtilities (1.2.2):
    - GoogleSymbolUtilities (~> 1.1)
  - GoogleSymbolUtilities (1.1.2)
  - GoogleToolboxForMac/Defines (2.1.1)
  - GoogleToolboxForMac/NSData+zlib (2.1.1):
    - GoogleToolboxForMac/Defines (= 2.1.1)
  - Haneke (1.0.2)
  - Mixpanel (3.0.9):
    - Mixpanel/Mixpanel (= 3.0.9)
  - Mixpanel/Mixpanel (3.0.9)
  - SDWebImage (4.0.0):
    - SDWebImage/Core (= 4.0.0)
  - SDWebImage/Core (4.0.0)
  - VICMAImageView (1.0)

DEPENDENCIES:
  - AFNetworking (~> 3.0)
  - Alamofire (~> 4.3)
  - Crashlytics
  - ECSlidingViewController (~> 1.3)
  - Fabric
  - Firebase/AdMob
  - Firebase/Core
  - Haneke (~> 1.0)
  - Mixpanel
  - SDWebImage
  - VICMAImageView (~> 1.0)

SPEC CHECKSUMS:
  AFNetworking: 5e0e199f73d8626b11e79750991f5d173d1f8b67
  Alamofire: 856a113053a7bc9cbe5d6367a555d773fc5cfef7
  Crashlytics: 2b6dbe138a42395577cfa73dfa1aa7248cadf39e
  ECSlidingViewController: 244de2ad5014424e8a6642acf6fd11166ce79084
  Fabric: 5911403591946b8228ab1c51d98f1d7137e863c6
  Firebase: 8e99eb1ff553ad5bcc6072cc3d925bb89c1244d6
  FirebaseAnalytics: 9c67af0ebeb8d2146c9b4ea2616439affa947b58
  FirebaseCore: 46afaf2c2e0419ea7d3acfb08cf26a461a75fe85
  FirebaseInstanceID: ba1e640935235e5fac39dfa816fe7660e72e1a8a
  Google-Mobile-Ads-SDK: a8bf4211624999b73e4184be516f94770b139525
  GoogleInterchangeUtilities: d5bc4d88d5b661ab72f9d70c58d02ca8c27ad1f7
  GoogleSymbolUtilities: 631ee17048aa5e9ab133470d768ea997a5ef9b96
  GoogleToolboxForMac: 8e329f1b599f2512c6b10676d45736bcc2cbbeb0
  Haneke: 01454a67322faa0dd9d81fc0f447885044e71521
  Mixpanel: 106bad33d5b9a05312316a01938f17b6baa2d99f
  SDWebImage: 76a6348bdc74eb5a55dd08a091ef298e56b55e41
  VICMAImageView: 9f1811d4482ebe37b7eb09f640018554a81a21b2

PODFILE CHECKSUM: eda3996ff61944e28ddc5c80c157d95b69950c1b

COCOAPODS: 1.0.1
